
Microsoft Visual Studio Solution File, Format Version 12.00
# Visual Studio Version 17
VisualStudioVersion = 17.11.35208.52
MinimumVisualStudioVersion = 10.0.40219.1
Project("{FAE04EC0-301F-11D3-BF4B-00C04F79EFBC}") = "TALLER1.5", "TALLER1.5.csproj", "{96416131-DD21-49EE-9DD2-1B27AE844C12}"
EndProject
Global
	GlobalSection(SolutionConfigurationPlatforms) = preSolution
		Debug|Any CPU = Debug|Any CPU
		Release|Any CPU = Release|Any CPU
	EndGlobalSection
	GlobalSection(ProjectConfigurationPlatforms) = postSolution
		{96416131-DD21-49EE-9DD2-1B27AE844C12}.Debug|Any CPU.ActiveCfg = Debug|Any CPU
		{96416131-DD21-49EE-9DD2-1B27AE844C12}.Debug|Any CPU.Build.0 = Debug|Any CPU
		{96416131-DD21-49EE-9DD2-1B27AE844C12}.Release|Any CPU.ActiveCfg = Release|Any CPU
		{96416131-DD21-49EE-9DD2-1B27AE844C12}.Release|Any CPU.Build.0 = Release|Any CPU
	EndGlobalSection
	GlobalSection(SolutionProperties) = preSolution
		HideSolutionNode = FALSE
	EndGlobalSection
	GlobalSection(ExtensibilityGlobals) = postSolution
		SolutionGuid = {5AC0856C-18F4-4076-9CE3-83D9A914C9F3}
	EndGlobalSection
EndGlobal
