
Microsoft Visual Studio Solution File, Format Version 12.00
# Visual Studio Version 17
VisualStudioVersion = 17.11.35208.52
MinimumVisualStudioVersion = 10.0.40219.1
Project("{FAE04EC0-301F-11D3-BF4B-00C04F79EFBC}") = "ConsoleApp3", "ConsoleApp3.csproj", "{D38315C9-6F94-4430-9904-620FBD45585C}"
EndProject
Global
	GlobalSection(SolutionConfigurationPlatforms) = preSolution
		Debug|Any CPU = Debug|Any CPU
		Release|Any CPU = Release|Any CPU
	EndGlobalSection
	GlobalSection(ProjectConfigurationPlatforms) = postSolution
		{D38315C9-6F94-4430-9904-620FBD45585C}.Debug|Any CPU.ActiveCfg = Debug|Any CPU
		{D38315C9-6F94-4430-9904-620FBD45585C}.Debug|Any CPU.Build.0 = Debug|Any CPU
		{D38315C9-6F94-4430-9904-620FBD45585C}.Release|Any CPU.ActiveCfg = Release|Any CPU
		{D38315C9-6F94-4430-9904-620FBD45585C}.Release|Any CPU.Build.0 = Release|Any CPU
	EndGlobalSection
	GlobalSection(SolutionProperties) = preSolution
		HideSolutionNode = FALSE
	EndGlobalSection
	GlobalSection(ExtensibilityGlobals) = postSolution
		SolutionGuid = {710F6D4F-48F9-491A-85DD-CE799B1187A0}
	EndGlobalSection
EndGlobal
