
Microsoft Visual Studio Solution File, Format Version 12.00
# Visual Studio Version 17
VisualStudioVersion = 17.11.35208.52
MinimumVisualStudioVersion = 10.0.40219.1
Project("{FAE04EC0-301F-11D3-BF4B-00C04F79EFBC}") = "Punto2_40", "Punto2_40.csproj", "{C791E432-573E-4FD0-BDA0-8F8A0AEC6C7D}"
EndProject
Global
	GlobalSection(SolutionConfigurationPlatforms) = preSolution
		Debug|Any CPU = Debug|Any CPU
		Release|Any CPU = Release|Any CPU
	EndGlobalSection
	GlobalSection(ProjectConfigurationPlatforms) = postSolution
		{C791E432-573E-4FD0-BDA0-8F8A0AEC6C7D}.Debug|Any CPU.ActiveCfg = Debug|Any CPU
		{C791E432-573E-4FD0-BDA0-8F8A0AEC6C7D}.Debug|Any CPU.Build.0 = Debug|Any CPU
		{C791E432-573E-4FD0-BDA0-8F8A0AEC6C7D}.Release|Any CPU.ActiveCfg = Release|Any CPU
		{C791E432-573E-4FD0-BDA0-8F8A0AEC6C7D}.Release|Any CPU.Build.0 = Release|Any CPU
	EndGlobalSection
	GlobalSection(SolutionProperties) = preSolution
		HideSolutionNode = FALSE
	EndGlobalSection
	GlobalSection(ExtensibilityGlobals) = postSolution
		SolutionGuid = {587703C5-848E-4FED-86CF-00EE777F3FD5}
	EndGlobalSection
EndGlobal
